{
    "_meta": {
        "hash": {
            "sha256": "31a4dbad0935cbb22f404901228489a15847b9e73ae0af5420a9363d7c3397d8"
        },
        "pipfile-spec": 6,
        "requires": {
            "python_version": "3.10"
        },
        "sources": [
            {
                "name": "pypi",
                "url": "https://pypi.org/simple",
                "verify_ssl": true
            }
        ]
    },
    "default": {
        "asgiref": {
            "hashes": [
                "sha256:89b2ef2247e3b562a16eef663bc0e2e703ec6468e2fa8a5cd61cd449786d4f6e",
                "sha256:9e0ce3aa93a819ba5b45120216b23878cf6e8525eb3848653452b4192b92afed"
            ],
            "markers": "python_version >= '3.7'",
            "version": "==3.7.2"
        },
        "attrs": {
            "hashes": [
                "sha256:935dc3b529c262f6cf76e50877d35a4bd3c1de194fd41f47a2b7ae8f19971f30",
                "sha256:99b87a485a5820b23b879f04c2305b44b951b502fd64be915879d77a7e8fc6f1"
            ],
            "markers": "python_version >= '3.7'",
            "version": "==23.2.0"
        },
        "django": {
            "hashes": [
                "sha256:8c8659665bc6e3a44fefe1ab0a291e5a3fb3979f9a8230be29de975e57e8f854",
                "sha256:f47a37a90b9bbe2c8ec360235192c7fddfdc832206fcf618bb849b39256affc1"
            ],
            "index": "pypi",
            "markers": "python_version >= '3.10'",
            "version": "==5.0.1"
        },
        "django-cors-headers": {
            "hashes": [
                "sha256:0b1fd19297e37417fc9f835d39e45c8c642938ddba1acce0c1753d3edef04f36",
                "sha256:0bf65ef45e606aff1994d35503e6b677c0b26cafff6506f8fd7187f3be840207"
            ],
            "index": "pypi",
            "markers": "python_version >= '3.8'",
            "version": "==4.3.1"
        },
        "django-environ": {
            "hashes": [
                "sha256:0ff95ab4344bfeff693836aa978e6840abef2e2f1145adff7735892711590c05",
                "sha256:f32a87aa0899894c27d4e1776fa6b477e8164ed7f6b3e410a62a6d72caaf64be"
            ],
            "index": "pypi",
            "markers": "python_version >= '3.6' and python_version < '4'",
            "version": "==0.11.2"
        },
        "django-leaflet": {
            "hashes": [
                "sha256:2f6dc8c7187fd22e62b6f2b7b42eed86920f81bec312aa654981ebe5bc8e0866",
                "sha256:ea35244539fe298156feafc7f1e2ce63067c8caa2ac6f8344069796b19d1ce9b"
            ],
            "index": "pypi",
            "version": "==0.29.0"
        },
        "djangorestframework": {
            "hashes": [
                "sha256:579a333e6256b09489cbe0a067e66abe55c6595d8926be6b99423786334350c8",
                "sha256:eb63f58c9f218e1a7d064d17a70751f528ed4e1d35547fdade9aaf4cd103fd08"
            ],
            "index": "pypi",
            "markers": "python_version >= '3.6'",
            "version": "==3.14.0"
        },
        "djangorestframework-gis": {
            "hashes": [
                "sha256:921c5adbc9a7c0502c905957a6695b67f55d7bf6582e1ab837888b55a1fce5a6",
                "sha256:bb715f05a111c02b9acc4021b17566e40c0b90dd833c583bac3d67f92be9667d"
            ],
            "index": "pypi",
            "version": "==1.0"
        },
        "drf-spectacular": {
            "hashes": [
                "sha256:18d7ae74b2b5d533fd31f1c591ebaa5cce1447e0976ced927401e3163040dea9",
                "sha256:6ab2d20674244e8c940c2883f744b43c34fc68c70ea3aefa802f574108c9699b"
            ],
            "index": "pypi",
            "markers": "python_version >= '3.6'",
            "version": "==0.27.0"
        },
        "inflection": {
            "hashes": [
                "sha256:1a29730d366e996aaacffb2f1f1cb9593dc38e2ddd30c91250c6dde09ea9b417",
                "sha256:f38b2b640938a4f35ade69ac3d053042959b62a0f1076a5bbaa1b9526605a8a2"
            ],
            "markers": "python_version >= '3.5'",
            "version": "==0.5.1"
        },
        "jsonschema": {
            "hashes": [
                "sha256:4f614fd46d8d61258610998997743ec5492a648b33cf478c1ddc23ed4598a5fa",
                "sha256:ed6231f0429ecf966f5bc8dfef245998220549cbbcf140f913b7464c52c3b6b3"
            ],
            "markers": "python_version >= '3.8'",
            "version": "==4.20.0"
        },
        "jsonschema-specifications": {
            "hashes": [
                "sha256:48a76787b3e70f5ed53f1160d2b81f586e4ca6d1548c5de7085d1682674764cc",
                "sha256:87e4fdf3a94858b8a2ba2778d9ba57d8a9cafca7c7489c46ba0d30a8bc6a9c3c"
            ],
            "markers": "python_version >= '3.8'",
            "version": "==2023.12.1"
        },
        "psycopg": {
            "hashes": [
                "sha256:0bfe9741f4fb1c8115cadd8fe832fa91ac277e81e0652ff7fa1400f0ef0f59ba",
                "sha256:a34d922fd7df3134595e71c3428ba6f1bd5f4968db74857fe95de12db2d6b763"
            ],
            "index": "pypi",
            "markers": "python_version >= '3.7'",
            "version": "==3.1.16"
        },
        "psycopg-binary": {
            "hashes": [
                "sha256:08fb94928e785571ac90d3ab9e09f2721e0d895c2504ecfb8de91c5ea807b267",
                "sha256:0be876e3a8ee359f6a985b662c6b02a094a50b37adf1bd756a655004bddf167a",
                "sha256:1063fe43bb06790a4cfed9f1cacebb165939ca672b6fddcb03627d673ae00bd9",
                "sha256:1078370a93eaef1dc5aed540055d50cbe37e9154342f3a3d73fd768a6199344d",
                "sha256:198c4f16f806f7d2ad0c4a5b774652e17861b55249efb4e344049b1fcf9a24af",
                "sha256:1cdaf56adc9cc56df7a05e8f097a776939ba49d5e6afc907ba7b404d8bd21c89",
                "sha256:1e197c3e8d88e984c1e0fcc9a0218947e5a14855939a00b158b428bc449b49e3",
                "sha256:2a6bd83d0b934aa03897e93acb6897972ccc3827ae61c903589bc92ed423f75d",
                "sha256:2b22e2dad291a79d7a31b304866fd125038ef7fe378aba9698de0e1804a863c9",
                "sha256:2cfd857f1085c59da592090f2fa0751da30b67dcafea2ac52c4b404678406aae",
                "sha256:2e6092ec21c08ed4ae4ff343c93a3bbb1d39c87dee181860ce40fa3b5c46f4ae",
                "sha256:3815c72c590ffe3ad1dc3b7021d082b42215bbd91d2c7211d4a101eec1d0b83e",
                "sha256:3f2ceb04f8137462f9312a324bea5402de0a4f0503cd5442f4264911e4b6265b",
                "sha256:3f6053fe95596e2f67ff2c9464ea23032c748695a3b79060ca01ef878b0ea0f2",
                "sha256:430f8843e381199cdc39ce9506a2cdbc27a569c99a0d80193844c787ce7de94d",
                "sha256:46c9cca48d459d8df71fda4eef7d94a189b8333f4bc3cf1d170c1796fcbbc8cd",
                "sha256:47517d2da63bb10c80c2cf35c80a936db79636534849524fd57940b5f0bbd7bd",
                "sha256:481e9dafca1ed9532552e097105e6664ee7f14686270ed0ee0b1d6c78c2cdb11",
                "sha256:4ee8be32eb8b813ef37c5f5968fe03fdddc9a6f0129190f97f6491c798a1ef57",
                "sha256:4f79192b0edd60ef24acb0af5b83319cbb65d4187576757b690646b290de8307",
                "sha256:51e66b282d8689bc33d81bde3a1e14d0c88a39200c2d9436b028b394d24f1f99",
                "sha256:58289209495a92022e58757add4badb495815a4477f5e9840d481eac2ea422b2",
                "sha256:5e0885bcd7d9a0c0043be83d6a214069356c640d42496de798d901d0a16a34e7",
                "sha256:5eaa02fe8aa9ef8c8743919fdbc92c04b0ee8c43f3d65e53f24d355776c52fb3",
                "sha256:5f81e880d1bd935433efab1c2883a02031df84e739eadcb2c6a715e9c2f41c19",
                "sha256:699737cecf675e1eb70b892b1995456db4016eff7189a3ad9325dca5b6715cc3",
                "sha256:6b856d44531475488e773ac78d2a7a91c0909a1e8bdbd20d3ebdbdce1868c9a0",
                "sha256:6f03239d7c18666f5d6ca82ea972235de4d4d3604287098af6cdc256b76a0ca5",
                "sha256:7232116fc5d4e0274114f152bdb9df089895d4c70f7c03268cab0a4c48a28d04",
                "sha256:72539a0c6b9a2a9be2acca993df17f4baaa0ed00f1d76b65733725286e3e3304",
                "sha256:82099b6b4b0b12b63c4169d69b48bdbce97e674b86fa51b015e9949fc0ce5c82",
                "sha256:82ffad0edfa3dd77d6aa40c267f61275a6a4061f735cefe97cfd83cfa78e112a",
                "sha256:8429017cd7a3ef4699bee4ff8125a5e30b26882b817a178608d73e69fb727ab9",
                "sha256:84472e5c83e805d4c491f331061cbae3ea4e62f80a480fc4b32200be72262ffd",
                "sha256:8a611d7256493ee5bb73a070c9c60206af415be6aee01243c186fc03f1eb1a48",
                "sha256:8cda744c43b09342b1a8b5aace13d3284c1f5ddbfcefa2d385f703337503a060",
                "sha256:8eaabc8dd2d364e1b43d3a25188356191a45abb687b77016544f6847b3fcd73a",
                "sha256:8f8fb9677fb7873daf9797207e72e9275f61e769a308c4ea8f55dfd3153ebae7",
                "sha256:92bda36f0570a5f9a3d6aeb897bad219f1f23fc4e1d0e7780935798771efb536",
                "sha256:9b0f824565d1dc325c74c076efd5ba842b86219f8bc1b8048c8816621a8b268c",
                "sha256:a18dfcf7eb3db698eb7a38b4a0e82bf5b76a7bc0079068c5837df70b965570f8",
                "sha256:a37d682d7ff57cc2573b1011740ef1566749fc94ae6ac1456405510592735c0a",
                "sha256:a7d3b2ea267e7676b3693799fadf941c672f5727fae4947efa1f0cc6e25b672c",
                "sha256:adca24d273fe81ecab2312309db547b345155ec50d15676e2df82b8c5409eb06",
                "sha256:b23d4b86acba2d745763ee0801821af1c42b127d8df75b903b7e7ca7c5f6400c",
                "sha256:b256d500ec0121ad7875bc3539c43c82dc004535d55256a13c49df2d43f07ad8",
                "sha256:bfae154f3c88e67f3ed592765ad56531b6076acfe80796e28cccc05727c1cf5b",
                "sha256:cf13807b61315130a59ea8d0950bda2ac875bae9fadc0b1a9aca9b4ef6d62c7b",
                "sha256:d18c58f99beec18d38094edcb1ae7e6a1e58fb1a53ed08b0f18df714aa4b07cc",
                "sha256:d267cc92f0f0a9ea6c8ef058e95c85e58133d06c06f4ed48d63fc256aef166ab",
                "sha256:d2f308bfd39d6dcf3f46165f98d816bce5ac78aaf782eceb3cf43aa0a4fe62f8",
                "sha256:d43aa3aa55b5fa964ffa78cf6abdbd51ff33a759f290e9159a9f974ffa3178fa",
                "sha256:d8290cfd475fadf935da0900dc91b845fe92f792e6d53039c0df82f9049a84ad",
                "sha256:d9e1768c46c595a8177cb709c99626c3cefbd12c2e46eb54323efd8ac4a7fc2d",
                "sha256:db99192d9f448829322c4f59a584994ce747b8d586ec65788b4c65f7166cfe43",
                "sha256:e08e333366f8583c7bee33ca6a27f84b76e05ee4e9f9f327a48e3ff81386261d",
                "sha256:e122c904d4c4e044a3797a62624316cf7359271564f9ebe8ca342ed4a8cef3bd",
                "sha256:e1c416a7c2a699c3e5ba031357682ebca92bd58f399e553173ab5d67cc71cbc5",
                "sha256:e23375c14c22ce8fd26d057ac4ab827de79aafced173c68a4c0b03520ea02c70",
                "sha256:e951a8cc7cf919fdc817a28d57160e7286011a4a45dcad3be21f3e4feba8be1a",
                "sha256:e996b38ffeffbaa06d236bbeab5168d33eea95941cf74de1daa0b008333861b1",
                "sha256:edd1b630652bdfff84662b46d11878fbab8ab2966003c1876fcde56650e99e3f",
                "sha256:f3136d8f92708c04694ca0cae6a2d6c8170e7174b9ee594218cb229b407e8f48",
                "sha256:f9f4bc3d366951359a68833c8031cc83faf5084b3bc80dd2d24f0add593d4418",
                "sha256:fcc5996b1db4e7fb948ea47b610456df317625d92474c779a20f92ca8cbcec92"
            ],
            "index": "pypi",
            "markers": "python_version >= '3.7'",
            "version": "==3.1.16"
        },
        "pytz": {
            "hashes": [
                "sha256:7b4fddbeb94a1eba4b557da24f19fdf9db575192544270a9101d8509f9f43d7b",
                "sha256:ce42d816b81b68506614c11e8937d3aa9e41007ceb50bfdcb0749b921bf646c7"
            ],
            "version": "==2023.3.post1"
        },
        "pyyaml": {
            "hashes": [
                "sha256:04ac92ad1925b2cff1db0cfebffb6ffc43457495c9b3c39d3fcae417d7125dc5",
                "sha256:062582fca9fabdd2c8b54a3ef1c978d786e0f6b3a1510e0ac93ef59e0ddae2bc",
                "sha256:0d3304d8c0adc42be59c5f8a4d9e3d7379e6955ad754aa9d6ab7a398b59dd1df",
                "sha256:1635fd110e8d85d55237ab316b5b011de701ea0f29d07611174a1b42f1444741",
                "sha256:184c5108a2aca3c5b3d3bf9395d50893a7ab82a38004c8f61c258d4428e80206",
                "sha256:18aeb1bf9a78867dc38b259769503436b7c72f7a1f1f4c93ff9a17de54319b27",
                "sha256:1d4c7e777c441b20e32f52bd377e0c409713e8bb1386e1099c2415f26e479595",
                "sha256:1e2722cc9fbb45d9b87631ac70924c11d3a401b2d7f410cc0e3bbf249f2dca62",
                "sha256:1fe35611261b29bd1de0070f0b2f47cb6ff71fa6595c077e42bd0c419fa27b98",
                "sha256:28c119d996beec18c05208a8bd78cbe4007878c6dd15091efb73a30e90539696",
                "sha256:326c013efe8048858a6d312ddd31d56e468118ad4cdeda36c719bf5bb6192290",
                "sha256:40df9b996c2b73138957fe23a16a4f0ba614f4c0efce1e9406a184b6d07fa3a9",
                "sha256:42f8152b8dbc4fe7d96729ec2b99c7097d656dc1213a3229ca5383f973a5ed6d",
                "sha256:49a183be227561de579b4a36efbb21b3eab9651dd81b1858589f796549873dd6",
                "sha256:4fb147e7a67ef577a588a0e2c17b6db51dda102c71de36f8549b6816a96e1867",
                "sha256:50550eb667afee136e9a77d6dc71ae76a44df8b3e51e41b77f6de2932bfe0f47",
                "sha256:510c9deebc5c0225e8c96813043e62b680ba2f9c50a08d3724c7f28a747d1486",
                "sha256:5773183b6446b2c99bb77e77595dd486303b4faab2b086e7b17bc6bef28865f6",
                "sha256:596106435fa6ad000c2991a98fa58eeb8656ef2325d7e158344fb33864ed87e3",
                "sha256:6965a7bc3cf88e5a1c3bd2e0b5c22f8d677dc88a455344035f03399034eb3007",
                "sha256:69b023b2b4daa7548bcfbd4aa3da05b3a74b772db9e23b982788168117739938",
                "sha256:6c22bec3fbe2524cde73d7ada88f6566758a8f7227bfbf93a408a9d86bcc12a0",
                "sha256:704219a11b772aea0d8ecd7058d0082713c3562b4e271b849ad7dc4a5c90c13c",
                "sha256:7e07cbde391ba96ab58e532ff4803f79c4129397514e1413a7dc761ccd755735",
                "sha256:81e0b275a9ecc9c0c0c07b4b90ba548307583c125f54d5b6946cfee6360c733d",
                "sha256:855fb52b0dc35af121542a76b9a84f8d1cd886ea97c84703eaa6d88e37a2ad28",
                "sha256:8d4e9c88387b0f5c7d5f281e55304de64cf7f9c0021a3525bd3b1c542da3b0e4",
                "sha256:9046c58c4395dff28dd494285c82ba00b546adfc7ef001486fbf0324bc174fba",
                "sha256:9eb6caa9a297fc2c2fb8862bc5370d0303ddba53ba97e71f08023b6cd73d16a8",
                "sha256:a0cd17c15d3bb3fa06978b4e8958dcdc6e0174ccea823003a106c7d4d7899ac5",
                "sha256:afd7e57eddb1a54f0f1a974bc4391af8bcce0b444685d936840f125cf046d5bd",
                "sha256:b1275ad35a5d18c62a7220633c913e1b42d44b46ee12554e5fd39c70a243d6a3",
                "sha256:b786eecbdf8499b9ca1d697215862083bd6d2a99965554781d0d8d1ad31e13a0",
                "sha256:ba336e390cd8e4d1739f42dfe9bb83a3cc2e80f567d8805e11b46f4a943f5515",
                "sha256:baa90d3f661d43131ca170712d903e6295d1f7a0f595074f151c0aed377c9b9c",
                "sha256:bc1bf2925a1ecd43da378f4db9e4f799775d6367bdb94671027b73b393a7c42c",
                "sha256:bd4af7373a854424dabd882decdc5579653d7868b8fb26dc7d0e99f823aa5924",
                "sha256:bf07ee2fef7014951eeb99f56f39c9bb4af143d8aa3c21b1677805985307da34",
                "sha256:bfdf460b1736c775f2ba9f6a92bca30bc2095067b8a9d77876d1fad6cc3b4a43",
                "sha256:c8098ddcc2a85b61647b2590f825f3db38891662cfc2fc776415143f599bb859",
                "sha256:d2b04aac4d386b172d5b9692e2d2da8de7bfb6c387fa4f801fbf6fb2e6ba4673",
                "sha256:d483d2cdf104e7c9fa60c544d92981f12ad66a457afae824d146093b8c294c54",
                "sha256:d858aa552c999bc8a8d57426ed01e40bef403cd8ccdd0fc5f6f04a00414cac2a",
                "sha256:e7d73685e87afe9f3b36c799222440d6cf362062f78be1013661b00c5c6f678b",
                "sha256:f003ed9ad21d6a4713f0a9b5a7a0a79e08dd0f221aff4525a2be4c346ee60aab",
                "sha256:f22ac1c3cac4dbc50079e965eba2c1058622631e526bd9afd45fedd49ba781fa",
                "sha256:faca3bdcf85b2fc05d06ff3fbc1f83e1391b3e724afa3feba7d13eeab355484c",
                "sha256:fca0e3a251908a499833aa292323f32437106001d436eca0e6e7833256674585",
                "sha256:fd1592b3fdf65fff2ad0004b5e363300ef59ced41c2e6b3a99d4089fa8c5435d",
                "sha256:fd66fc5d0da6d9815ba2cebeb4205f95818ff4b79c3ebe268e75d961704af52f"
            ],
            "markers": "python_version >= '3.6'",
            "version": "==6.0.1"
        },
        "referencing": {
            "hashes": [
                "sha256:689e64fe121843dcfd57b71933318ef1f91188ffb45367332700a86ac8fd6161",
                "sha256:bdcd3efb936f82ff86f993093f6da7435c7de69a3b3a5a06678a6050184bee99"
            ],
            "markers": "python_version >= '3.8'",
            "version": "==0.32.0"
        },
        "rpds-py": {
            "hashes": [
                "sha256:0474df4ade9a3b4af96c3d36eb81856cb9462e4c6657d4caecfd840d2a13f3c9",
                "sha256:071980663c273bf3d388fe5c794c547e6f35ba3335477072c713a3176bf14a60",
                "sha256:07aab64e2808c3ebac2a44f67e9dc0543812b715126dfd6fe4264df527556cb6",
                "sha256:088396c7c70e59872f67462fcac3ecbded5233385797021976a09ebd55961dfe",
                "sha256:162d7cd9cd311c1b0ff1c55a024b8f38bd8aad1876b648821da08adc40e95734",
                "sha256:19f00f57fdd38db4bb5ad09f9ead1b535332dbf624200e9029a45f1f35527ebb",
                "sha256:1bdbc5fcb04a7309074de6b67fa9bc4b418ab3fc435fec1f2779a0eced688d04",
                "sha256:1be2f033df1b8be8c3167ba3c29d5dca425592ee31e35eac52050623afba5772",
                "sha256:24f7a2eb3866a9e91f4599851e0c8d39878a470044875c49bd528d2b9b88361c",
                "sha256:290a81cfbe4673285cdf140ec5cd1658ffbf63ab359f2b352ebe172e7cfa5bf0",
                "sha256:2946b120718eba9af2b4dd103affc1164a87b9e9ebff8c3e4c05d7b7a7e274e2",
                "sha256:2bd82db36cd70b3628c0c57d81d2438e8dd4b7b32a6a9f25f24ab0e657cb6c4e",
                "sha256:2ddef620e70eaffebed5932ce754d539c0930f676aae6212f8e16cd9743dd365",
                "sha256:2e53b9b25cac9065328901713a7e9e3b12e4f57ef4280b370fbbf6fef2052eef",
                "sha256:302bd4983bbd47063e452c38be66153760112f6d3635c7eeefc094299fa400a9",
                "sha256:349cb40897fd529ca15317c22c0eab67f5ac5178b5bd2c6adc86172045210acc",
                "sha256:358dafc89ce3894c7f486c615ba914609f38277ef67f566abc4c854d23b997fa",
                "sha256:35953f4f2b3216421af86fd236b7c0c65935936a94ea83ddbd4904ba60757773",
                "sha256:35ae5ece284cf36464eb160880018cf6088a9ac5ddc72292a6092b6ef3f4da53",
                "sha256:3b811d182ad17ea294f2ec63c0621e7be92a1141e1012383461872cead87468f",
                "sha256:3da5a4c56953bdbf6d04447c3410309616c54433146ccdb4a277b9cb499bc10e",
                "sha256:3dc6a7620ba7639a3db6213da61312cb4aa9ac0ca6e00dc1cbbdc21c2aa6eb57",
                "sha256:3f91df8e6dbb7360e176d1affd5fb0246d2b88d16aa5ebc7db94fd66b68b61da",
                "sha256:4022b9dc620e14f30201a8a73898a873c8e910cb642bcd2f3411123bc527f6ac",
                "sha256:413b9c17388bbd0d87a329d8e30c1a4c6e44e2bb25457f43725a8e6fe4161e9e",
                "sha256:43d4dd5fb16eb3825742bad8339d454054261ab59fed2fbac84e1d84d5aae7ba",
                "sha256:44627b6ca7308680a70766454db5249105fa6344853af6762eaad4158a2feebe",
                "sha256:44a54e99a2b9693a37ebf245937fd6e9228b4cbd64b9cc961e1f3391ec6c7391",
                "sha256:47713dc4fce213f5c74ca8a1f6a59b622fc1b90868deb8e8e4d993e421b4b39d",
                "sha256:495a14b72bbe217f2695dcd9b5ab14d4f8066a00f5d209ed94f0aca307f85f6e",
                "sha256:4c46ad6356e1561f2a54f08367d1d2e70a0a1bb2db2282d2c1972c1d38eafc3b",
                "sha256:4d6a9f052e72d493efd92a77f861e45bab2f6be63e37fa8ecf0c6fd1a58fedb0",
                "sha256:509b617ac787cd1149600e731db9274ebbef094503ca25158e6f23edaba1ca8f",
                "sha256:5552f328eaef1a75ff129d4d0c437bf44e43f9436d3996e8eab623ea0f5fcf73",
                "sha256:5a80e2f83391ad0808b4646732af2a7b67550b98f0cae056cb3b40622a83dbb3",
                "sha256:5cf6af100ffb5c195beec11ffaa8cf8523057f123afa2944e6571d54da84cdc9",
                "sha256:5e6caa3809e50690bd92fa490f5c38caa86082c8c3315aa438bce43786d5e90d",
                "sha256:5ef00873303d678aaf8b0627e111fd434925ca01c657dbb2641410f1cdaef261",
                "sha256:69ac7ea9897ec201ce68b48582f3eb34a3f9924488a5432a93f177bf76a82a7e",
                "sha256:6a61226465bda9283686db8f17d02569a98e4b13c637be5a26d44aa1f1e361c2",
                "sha256:6d904c5693e08bad240f16d79305edba78276be87061c872a4a15e2c301fa2c0",
                "sha256:6dace7b26a13353e24613417ce2239491b40a6ad44e5776a18eaff7733488b44",
                "sha256:6df15846ee3fb2e6397fe25d7ca6624af9f89587f3f259d177b556fed6bebe2c",
                "sha256:703d95c75a72e902544fda08e965885525e297578317989fd15a6ce58414b41d",
                "sha256:726ac36e8a3bb8daef2fd482534cabc5e17334052447008405daca7ca04a3108",
                "sha256:781ef8bfc091b19960fc0142a23aedadafa826bc32b433fdfe6fd7f964d7ef44",
                "sha256:80443fe2f7b3ea3934c5d75fb0e04a5dbb4a8e943e5ff2de0dec059202b70a8b",
                "sha256:83640a5d7cd3bff694747d50436b8b541b5b9b9782b0c8c1688931d6ee1a1f2d",
                "sha256:84c5a4d1f9dd7e2d2c44097fb09fffe728629bad31eb56caf97719e55575aa82",
                "sha256:882ce6e25e585949c3d9f9abd29202367175e0aab3aba0c58c9abbb37d4982ff",
                "sha256:888a97002e986eca10d8546e3c8b97da1d47ad8b69726dcfeb3e56348ebb28a3",
                "sha256:8aad80645a011abae487d356e0ceb359f4938dfb6f7bcc410027ed7ae4f7bb8b",
                "sha256:8cb6fe8ecdfffa0e711a75c931fb39f4ba382b4b3ccedeca43f18693864fe850",
                "sha256:8d6b6937ae9eac6d6c0ca3c42774d89fa311f55adff3970fb364b34abde6ed3d",
                "sha256:90123853fc8b1747f80b0d354be3d122b4365a93e50fc3aacc9fb4c2488845d6",
                "sha256:96f957d6ab25a78b9e7fc9749d754b98eac825a112b4e666525ce89afcbd9ed5",
                "sha256:981d135c7cdaf6cd8eadae1c950de43b976de8f09d8e800feed307140d3d6d00",
                "sha256:9b32f742ce5b57201305f19c2ef7a184b52f6f9ba6871cc042c2a61f0d6b49b8",
                "sha256:9f0350ef2fba5f34eb0c9000ea328e51b9572b403d2f7f3b19f24085f6f598e8",
                "sha256:a297a4d08cc67c7466c873c78039d87840fb50d05473db0ec1b7b03d179bf322",
                "sha256:a3d7e2ea25d3517c6d7e5a1cc3702cffa6bd18d9ef8d08d9af6717fc1c700eed",
                "sha256:a4b682c5775d6a3d21e314c10124599976809455ee67020e8e72df1769b87bc3",
                "sha256:a4ebb8b20bd09c5ce7884c8f0388801100f5e75e7f733b1b6613c713371feefc",
                "sha256:a61f659665a39a4d17d699ab3593d7116d66e1e2e3f03ef3fb8f484e91908808",
                "sha256:a9880b4656efe36ccad41edc66789e191e5ee19a1ea8811e0aed6f69851a82f4",
                "sha256:ac08472f41ea77cd6a5dae36ae7d4ed3951d6602833af87532b556c1b4601d63",
                "sha256:adc0c3d6fc6ae35fee3e4917628983f6ce630d513cbaad575b4517d47e81b4bb",
                "sha256:af27423662f32d7501a00c5e7342f7dbd1e4a718aea7a239781357d15d437133",
                "sha256:b2e75e17bd0bb66ee34a707da677e47c14ee51ccef78ed6a263a4cc965a072a1",
                "sha256:b634c5ec0103c5cbebc24ebac4872b045cccb9456fc59efdcf6fe39775365bd2",
                "sha256:b6f5549d6ed1da9bfe3631ca9483ae906f21410be2445b73443fa9f017601c6f",
                "sha256:bd4b677d929cf1f6bac07ad76e0f2d5de367e6373351c01a9c0a39f6b21b4a8b",
                "sha256:bf721ede3eb7b829e4a9b8142bd55db0bdc82902720548a703f7e601ee13bdc3",
                "sha256:c647ca87fc0ebe808a41de912e9a1bfef9acb85257e5d63691364ac16b81c1f0",
                "sha256:ca57468da2d9a660bcf8961637c85f2fbb2aa64d9bc3f9484e30c3f9f67b1dd7",
                "sha256:cad0f59ee3dc35526039f4bc23642d52d5f6616b5f687d846bfc6d0d6d486db0",
                "sha256:cc97f0640e91d7776530f06e6836c546c1c752a52de158720c4224c9e8053cad",
                "sha256:ccd4e400309e1f34a5095bf9249d371f0fd60f8a3a5c4a791cad7b99ce1fd38d",
                "sha256:cffa76b385dfe1e38527662a302b19ffb0e7f5cf7dd5e89186d2c94a22dd9d0c",
                "sha256:d0dd7ed2f16df2e129496e7fbe59a34bc2d7fc8db443a606644d069eb69cbd45",
                "sha256:d452817e0d9c749c431a1121d56a777bd7099b720b3d1c820f1725cb40928f58",
                "sha256:d8dda2a806dfa4a9b795950c4f5cc56d6d6159f7d68080aedaff3bdc9b5032f5",
                "sha256:dcbe1f8dd179e4d69b70b1f1d9bb6fd1e7e1bdc9c9aad345cdeb332e29d40748",
                "sha256:e0441fb4fdd39a230477b2ca9be90868af64425bfe7b122b57e61e45737a653b",
                "sha256:e04e56b4ca7a770593633556e8e9e46579d66ec2ada846b401252a2bdcf70a6d",
                "sha256:e061de3b745fe611e23cd7318aec2c8b0e4153939c25c9202a5811ca911fd733",
                "sha256:e93ec1b300acf89730cf27975ef574396bc04edecc358e9bd116fb387a123239",
                "sha256:e9e557db6a177470316c82f023e5d571811c9a4422b5ea084c85da9aa3c035fc",
                "sha256:eab36eae3f3e8e24b05748ec9acc66286662f5d25c52ad70cadab544e034536b",
                "sha256:ec23fcad480e77ede06cf4127a25fc440f7489922e17fc058f426b5256ee0edb",
                "sha256:ec2e1cf025b2c0f48ec17ff3e642661da7ee332d326f2e6619366ce8e221f018",
                "sha256:ed99b4f7179d2111702020fd7d156e88acd533f5a7d3971353e568b6051d5c97",
                "sha256:ee94cb58c0ba2c62ee108c2b7c9131b2c66a29e82746e8fa3aa1a1effbd3dcf1",
                "sha256:f19afcfc0dd0dca35694df441e9b0f95bc231b512f51bded3c3d8ca32153ec19",
                "sha256:f1b9d9260e06ea017feb7172976ab261e011c1dc2f8883c7c274f6b2aabfe01a",
                "sha256:f28ac0e8e7242d140f99402a903a2c596ab71550272ae9247ad78f9a932b5698",
                "sha256:f42e25c016927e2a6b1ce748112c3ab134261fc2ddc867e92d02006103e1b1b7",
                "sha256:f4bd4578e44f26997e9e56c96dedc5f1af43cc9d16c4daa29c771a00b2a26851",
                "sha256:f811771019f063bbd0aa7bb72c8a934bc13ebacb4672d712fc1639cfd314cccc"
            ],
            "markers": "python_version >= '3.8'",
            "version": "==0.16.2"
        },
        "sqlparse": {
            "hashes": [
                "sha256:5430a4fe2ac7d0f93e66f1efc6e1338a41884b7ddf2a350cedd20ccc4d9d28f3",
                "sha256:d446183e84b8349fa3061f0fe7f06ca94ba65b426946ffebe6e3e8295332420c"
            ],
            "markers": "python_version >= '3.5'",
            "version": "==0.4.4"
        },
        "typing-extensions": {
            "hashes": [
                "sha256:23478f88c37f27d76ac8aee6c905017a143b0b1b886c3c9f66bc2fd94f9f5783",
                "sha256:af72aea155e91adfc61c3ae9e0e342dbc0cba726d6cba4b6c72c1f34e47291cd"
            ],
            "markers": "python_version >= '3.8'",
            "version": "==4.9.0"
        },
        "uritemplate": {
            "hashes": [
                "sha256:4346edfc5c3b79f694bccd6d6099a322bbeb628dbf2cd86eea55a456ce5124f0",
                "sha256:830c08b8d99bdd312ea4ead05994a38e8936266f84b9a7878232db50b044e02e"
            ],
            "markers": "python_version >= '3.6'",
            "version": "==4.1.1"
        }
    },
    "develop": {
        "asgiref": {
            "hashes": [
                "sha256:89b2ef2247e3b562a16eef663bc0e2e703ec6468e2fa8a5cd61cd449786d4f6e",
                "sha256:9e0ce3aa93a819ba5b45120216b23878cf6e8525eb3848653452b4192b92afed"
            ],
            "markers": "python_version >= '3.7'",
            "version": "==3.7.2"
        },
        "black": {
            "hashes": [
                "sha256:0808494f2b2df923ffc5723ed3c7b096bd76341f6213989759287611e9837d50",
                "sha256:1fa88a0f74e50e4487477bc0bb900c6781dbddfdfa32691e780bf854c3b4a47f",
                "sha256:25e57fd232a6d6ff3f4478a6fd0580838e47c93c83eaf1ccc92d4faf27112c4e",
                "sha256:2d9e13db441c509a3763a7a3d9a49ccc1b4e974a47be4e08ade2a228876500ec",
                "sha256:3e1b38b3135fd4c025c28c55ddfc236b05af657828a8a6abe5deec419a0b7055",
                "sha256:3fa4be75ef2a6b96ea8d92b1587dd8cb3a35c7e3d51f0738ced0781c3aa3a5a3",
                "sha256:4ce3ef14ebe8d9509188014d96af1c456a910d5b5cbf434a09fef7e024b3d0d5",
                "sha256:4f0031eaa7b921db76decd73636ef3a12c942ed367d8c3841a0739412b260a54",
                "sha256:602cfb1196dc692424c70b6507593a2b29aac0547c1be9a1d1365f0d964c353b",
                "sha256:6d1bd9c210f8b109b1762ec9fd36592fdd528485aadb3f5849b2740ef17e674e",
                "sha256:78baad24af0f033958cad29731e27363183e140962595def56423e626f4bee3e",
                "sha256:8d4df77958a622f9b5a4c96edb4b8c0034f8434032ab11077ec6c56ae9f384ba",
                "sha256:97e56155c6b737854e60a9ab1c598ff2533d57e7506d97af5481141671abf3ea",
                "sha256:9c4352800f14be5b4864016882cdba10755bd50805c95f728011bcb47a4afd59",
                "sha256:a4d6a9668e45ad99d2f8ec70d5c8c04ef4f32f648ef39048d010b0689832ec6d",
                "sha256:a920b569dc6b3472513ba6ddea21f440d4b4c699494d2e972a1753cdc25df7b0",
                "sha256:ae76c22bde5cbb6bfd211ec343ded2163bba7883c7bc77f6b756a1049436fbb9",
                "sha256:b18fb2ae6c4bb63eebe5be6bd869ba2f14fd0259bda7d18a46b764d8fb86298a",
                "sha256:c04b6d9d20e9c13f43eee8ea87d44156b8505ca8a3c878773f68b4e4812a421e",
                "sha256:c88b3711d12905b74206227109272673edce0cb29f27e1385f33b0163c414bba",
                "sha256:dd15245c8b68fe2b6bd0f32c1556509d11bb33aec9b5d0866dd8e2ed3dba09c2",
                "sha256:e0aaf6041986767a5e0ce663c7a2f0e9eaf21e6ff87a5f95cbf3675bfd4c41d2"
            ],
            "index": "pypi",
            "markers": "python_version >= '3.8'",
            "version": "==23.12.1"
        },
        "click": {
            "hashes": [
                "sha256:ae74fb96c20a0277a1d615f1e4d73c8414f5a98db8b799a7931d1582f3390c28",
                "sha256:ca9853ad459e787e2192211578cc907e7594e294c7ccc834310722b41b9ca6de"
            ],
            "markers": "python_version >= '3.7'",
            "version": "==8.1.7"
        },
        "django": {
            "hashes": [
                "sha256:8c8659665bc6e3a44fefe1ab0a291e5a3fb3979f9a8230be29de975e57e8f854",
                "sha256:f47a37a90b9bbe2c8ec360235192c7fddfdc832206fcf618bb849b39256affc1"
            ],
            "index": "pypi",
            "markers": "python_version >= '3.10'",
            "version": "==5.0.1"
        },
        "django-debug-toolbar": {
            "hashes": [
                "sha256:af99128c06e8e794479e65ab62cc6c7d1e74e1c19beb44dcbf9bad7a9c017327",
                "sha256:bc7fdaafafcdedefcc67a4a5ad9dac96efd6e41db15bc74d402a54a2ba4854dc"
            ],
            "index": "pypi",
            "markers": "python_version >= '3.8'",
            "version": "==4.2.0"
        },
        "mypy-extensions": {
            "hashes": [
                "sha256:4392f6c0eb8a5668a69e23d168ffa70f0be9ccfd32b5cc2d26a34ae5b844552d",
                "sha256:75dbf8955dc00442a438fc4d0666508a9a97b6bd41aa2f0ffe9d2f2725af0782"
            ],
            "markers": "python_version >= '3.5'",
            "version": "==1.0.0"
        },
        "packaging": {
            "hashes": [
                "sha256:048fb0e9405036518eaaf48a55953c750c11e1a1b68e0dd1a9d62ed0c092cfc5",
                "sha256:8c491190033a9af7e1d931d0b5dacc2ef47509b34dd0de67ed209b5203fc88c7"
            ],
            "markers": "python_version >= '3.7'",
            "version": "==23.2"
        },
        "pathspec": {
            "hashes": [
                "sha256:a0d503e138a4c123b27490a4f7beda6a01c6f288df0e4a8b79c7eb0dc7b4cc08",
                "sha256:a482d51503a1ab33b1c67a6c3813a26953dbdc71c31dacaef9a838c4e29f5712"
            ],
            "markers": "python_version >= '3.8'",
            "version": "==0.12.1"
        },
        "platformdirs": {
            "hashes": [
                "sha256:11c8f37bcca40db96d8144522d925583bdb7a31f7b0e37e3ed4318400a8e2380",
                "sha256:906d548203468492d432bcb294d4bc2fff751bf84971fbb2c10918cc206ee420"
            ],
            "markers": "python_version >= '3.8'",
            "version": "==4.1.0"
        },
        "sqlparse": {
            "hashes": [
                "sha256:5430a4fe2ac7d0f93e66f1efc6e1338a41884b7ddf2a350cedd20ccc4d9d28f3",
                "sha256:d446183e84b8349fa3061f0fe7f06ca94ba65b426946ffebe6e3e8295332420c"
            ],
            "markers": "python_version >= '3.5'",
            "version": "==0.4.4"
        },
        "tomli": {
            "hashes": [
                "sha256:939de3e7a6161af0c887ef91b7d41a53e7c5a1ca976325f429cb46ea9bc30ecc",
                "sha256:de526c12914f0c550d15924c62d72abc48d6fe7364aa87328337a31007fe8a4f"
            ],
            "markers": "python_version < '3.11'",
            "version": "==2.0.1"
        },
        "typing-extensions": {
            "hashes": [
                "sha256:23478f88c37f27d76ac8aee6c905017a143b0b1b886c3c9f66bc2fd94f9f5783",
                "sha256:af72aea155e91adfc61c3ae9e0e342dbc0cba726d6cba4b6c72c1f34e47291cd"
            ],
            "markers": "python_version >= '3.8'",
            "version": "==4.9.0"
        }
    }
}
